
Microsoft Visual Studio Solution File, Format Version 12.00
# Visual Studio Version 16
VisualStudioVersion = 16.0.33529.622
MinimumVisualStudioVersion = 10.0.40219.1
Project("{FAE04EC0-301F-11D3-BF4B-00C04F79EFBC}") = "IPP_LB3_var3_server", "IPP_LB3_var3_server\IPP_LB3_var3_server.csproj", "{A46A6F82-2EA7-4402-B8F0-D16CE47AD424}"
EndProject
Global
	GlobalSection(SolutionConfigurationPlatforms) = preSolution
		Debug|Any CPU = Debug|Any CPU
		Release|Any CPU = Release|Any CPU
	EndGlobalSection
	GlobalSection(ProjectConfigurationPlatforms) = postSolution
		{A46A6F82-2EA7-4402-B8F0-D16CE47AD424}.Debug|Any CPU.ActiveCfg = Debug|Any CPU
		{A46A6F82-2EA7-4402-B8F0-D16CE47AD424}.Debug|Any CPU.Build.0 = Debug|Any CPU
		{A46A6F82-2EA7-4402-B8F0-D16CE47AD424}.Release|Any CPU.ActiveCfg = Release|Any CPU
		{A46A6F82-2EA7-4402-B8F0-D16CE47AD424}.Release|Any CPU.Build.0 = Release|Any CPU
	EndGlobalSection
	GlobalSection(SolutionProperties) = preSolution
		HideSolutionNode = FALSE
	EndGlobalSection
	GlobalSection(ExtensibilityGlobals) = postSolution
		SolutionGuid = {22BC8645-218B-4A5C-BB7D-39B446642E45}
	EndGlobalSection
EndGlobal
